
Microsoft Visual Studio Solution File, Format Version 12.00
# Visual Studio Version 17
VisualStudioVersion = 17.12.35521.163
MinimumVisualStudioVersion = 10.0.40219.1
Project("{FAE04EC0-301F-11D3-BF4B-00C04F79EFBC}") = "Soat10.TechChallenge.Application", "Soat10.TechChallenge.Application\Soat10.TechChallenge.Application.csproj", "{9A395204-59D5-4D33-89AF-16EEF87FD742}"
EndProject
Project("{FAE04EC0-301F-11D3-BF4B-00C04F79EFBC}") = "Soat10.TechChallenge.API", "Soat10.TechChallenge.API\Soat10.TechChallenge.API.csproj", "{361AF647-C93C-4EFE-9F77-605618E8A32B}"
EndProject
Project("{FAE04EC0-301F-11D3-BF4B-00C04F79EFBC}") = "Soat10.TechChallenge.Infrastructure", "Soat10.TechChallenge.Infrastructure\Soat10.TechChallenge.Infrastructure.csproj", "{33059058-CEC9-4CB1-844E-43131229611B}"
EndProject
Project("{2150E333-8FDC-42A3-9474-1A3956D46DE8}") = "tests", "tests", "{04C6EAD1-725D-41BC-B5F4-5926DEDED829}"
EndProject
Global
	GlobalSection(SolutionConfigurationPlatforms) = preSolution
		Debug|Any CPU = Debug|Any CPU
		Release|Any CPU = Release|Any CPU
	EndGlobalSection
	GlobalSection(ProjectConfigurationPlatforms) = postSolution
		{9A395204-59D5-4D33-89AF-16EEF87FD742}.Debug|Any CPU.ActiveCfg = Debug|Any CPU
		{9A395204-59D5-4D33-89AF-16EEF87FD742}.Debug|Any CPU.Build.0 = Debug|Any CPU
		{9A395204-59D5-4D33-89AF-16EEF87FD742}.Release|Any CPU.ActiveCfg = Release|Any CPU
		{9A395204-59D5-4D33-89AF-16EEF87FD742}.Release|Any CPU.Build.0 = Release|Any CPU
		{361AF647-C93C-4EFE-9F77-605618E8A32B}.Debug|Any CPU.ActiveCfg = Debug|Any CPU
		{361AF647-C93C-4EFE-9F77-605618E8A32B}.Debug|Any CPU.Build.0 = Debug|Any CPU
		{361AF647-C93C-4EFE-9F77-605618E8A32B}.Release|Any CPU.ActiveCfg = Release|Any CPU
		{361AF647-C93C-4EFE-9F77-605618E8A32B}.Release|Any CPU.Build.0 = Release|Any CPU
		{33059058-CEC9-4CB1-844E-43131229611B}.Debug|Any CPU.ActiveCfg = Debug|Any CPU
		{33059058-CEC9-4CB1-844E-43131229611B}.Debug|Any CPU.Build.0 = Debug|Any CPU
		{33059058-CEC9-4CB1-844E-43131229611B}.Release|Any CPU.ActiveCfg = Release|Any CPU
		{33059058-CEC9-4CB1-844E-43131229611B}.Release|Any CPU.Build.0 = Release|Any CPU
	EndGlobalSection
	GlobalSection(SolutionProperties) = preSolution
		HideSolutionNode = FALSE
	EndGlobalSection
EndGlobal
